
Microsoft Visual Studio Solution File, Format Version 12.00
# Visual Studio Version 16
VisualStudioVersion = 16.0.31105.61
MinimumVisualStudioVersion = 10.0.40219.1
Project("{FAE04EC0-301F-11D3-BF4B-00C04F79EFBC}") = "LD2SkipTiming", "LD2SkipTiming\LD2SkipTiming.csproj", "{48BCBE1C-DFC6-4681-B5A8-20A949603645}"
EndProject
Global
	GlobalSection(SolutionConfigurationPlatforms) = preSolution
		Debug|Any CPU = Debug|Any CPU
		Release|Any CPU = Release|Any CPU
	EndGlobalSection
	GlobalSection(ProjectConfigurationPlatforms) = postSolution
		{48BCBE1C-DFC6-4681-B5A8-20A949603645}.Debug|Any CPU.ActiveCfg = Debug|Any CPU
		{48BCBE1C-DFC6-4681-B5A8-20A949603645}.Debug|Any CPU.Build.0 = Debug|Any CPU
		{48BCBE1C-DFC6-4681-B5A8-20A949603645}.Release|Any CPU.ActiveCfg = Release|Any CPU
		{48BCBE1C-DFC6-4681-B5A8-20A949603645}.Release|Any CPU.Build.0 = Release|Any CPU
	EndGlobalSection
	GlobalSection(SolutionProperties) = preSolution
		HideSolutionNode = FALSE
	EndGlobalSection
	GlobalSection(ExtensibilityGlobals) = postSolution
		SolutionGuid = {BFE757C1-41A0-475A-AE53-559EA63A5725}
	EndGlobalSection
EndGlobal
